
Microsoft Visual Studio Solution File, Format Version 12.00
Project("{FAE04EC0-301F-11D3-BF4B-00C04F79EFBC}") = "URLShortener", "URLShortener\URLShortener.csproj", "{AA01AF9C-FBF9-4EC2-8E60-422B01A8B1A5}"
EndProject
Project("{FAE04EC0-301F-11D3-BF4B-00C04F79EFBC}") = "URLShortener.Tests", "URLShortener.Tests\URLShortener.Tests.csproj", "{C1B9AC5C-2D5E-4323-BC06-D5CDE2D0E914}"
EndProject
Global
	GlobalSection(SolutionConfigurationPlatforms) = preSolution
		Debug|Any CPU = Debug|Any CPU
		Debug|x64 = Debug|x64
		Debug|x86 = Debug|x86
		Release|Any CPU = Release|Any CPU
		Release|x64 = Release|x64
		Release|x86 = Release|x86
	EndGlobalSection
	GlobalSection(ProjectConfigurationPlatforms) = postSolution
		{AA01AF9C-FBF9-4EC2-8E60-422B01A8B1A5}.Debug|Any CPU.ActiveCfg = Debug|Any CPU
		{AA01AF9C-FBF9-4EC2-8E60-422B01A8B1A5}.Debug|Any CPU.Build.0 = Debug|Any CPU
		{AA01AF9C-FBF9-4EC2-8E60-422B01A8B1A5}.Debug|x64.ActiveCfg = Debug|Any CPU
		{AA01AF9C-FBF9-4EC2-8E60-422B01A8B1A5}.Debug|x64.Build.0 = Debug|Any CPU
		{AA01AF9C-FBF9-4EC2-8E60-422B01A8B1A5}.Debug|x86.ActiveCfg = Debug|Any CPU
		{AA01AF9C-FBF9-4EC2-8E60-422B01A8B1A5}.Debug|x86.Build.0 = Debug|Any CPU
		{AA01AF9C-FBF9-4EC2-8E60-422B01A8B1A5}.Release|Any CPU.ActiveCfg = Release|Any CPU
		{AA01AF9C-FBF9-4EC2-8E60-422B01A8B1A5}.Release|Any CPU.Build.0 = Release|Any CPU
		{AA01AF9C-FBF9-4EC2-8E60-422B01A8B1A5}.Release|x64.ActiveCfg = Release|Any CPU
		{AA01AF9C-FBF9-4EC2-8E60-422B01A8B1A5}.Release|x64.Build.0 = Release|Any CPU
		{AA01AF9C-FBF9-4EC2-8E60-422B01A8B1A5}.Release|x86.ActiveCfg = Release|Any CPU
		{AA01AF9C-FBF9-4EC2-8E60-422B01A8B1A5}.Release|x86.Build.0 = Release|Any CPU
		{C1B9AC5C-2D5E-4323-BC06-D5CDE2D0E914}.Debug|Any CPU.ActiveCfg = Debug|Any CPU
		{C1B9AC5C-2D5E-4323-BC06-D5CDE2D0E914}.Debug|Any CPU.Build.0 = Debug|Any CPU
		{C1B9AC5C-2D5E-4323-BC06-D5CDE2D0E914}.Debug|x64.ActiveCfg = Debug|Any CPU
		{C1B9AC5C-2D5E-4323-BC06-D5CDE2D0E914}.Debug|x64.Build.0 = Debug|Any CPU
		{C1B9AC5C-2D5E-4323-BC06-D5CDE2D0E914}.Debug|x86.ActiveCfg = Debug|Any CPU
		{C1B9AC5C-2D5E-4323-BC06-D5CDE2D0E914}.Debug|x86.Build.0 = Debug|Any CPU
		{C1B9AC5C-2D5E-4323-BC06-D5CDE2D0E914}.Release|Any CPU.ActiveCfg = Release|Any CPU
		{C1B9AC5C-2D5E-4323-BC06-D5CDE2D0E914}.Release|Any CPU.Build.0 = Release|Any CPU
		{C1B9AC5C-2D5E-4323-BC06-D5CDE2D0E914}.Release|x64.ActiveCfg = Release|Any CPU
		{C1B9AC5C-2D5E-4323-BC06-D5CDE2D0E914}.Release|x64.Build.0 = Release|Any CPU
		{C1B9AC5C-2D5E-4323-BC06-D5CDE2D0E914}.Release|x86.ActiveCfg = Release|Any CPU
		{C1B9AC5C-2D5E-4323-BC06-D5CDE2D0E914}.Release|x86.Build.0 = Release|Any CPU
	EndGlobalSection
	GlobalSection(SolutionProperties) = preSolution
		HideSolutionNode = FALSE
	EndGlobalSection
EndGlobal
